
Microsoft Visual Studio Solution File, Format Version 12.00
# Visual Studio Version 16
VisualStudioVersion = 16.0.30611.23
MinimumVisualStudioVersion = 10.0.40219.1
Project("{FAE04EC0-301F-11D3-BF4B-00C04F79EFBC}") = "DioDocsBlazorWasmApp1", "DioDocsBlazorWasmApp1\DioDocsBlazorWasmApp1.csproj", "{02F7906D-AF81-4E38-9A80-6E349CCB1F20}"
EndProject
Global
	GlobalSection(SolutionConfigurationPlatforms) = preSolution
		Debug|Any CPU = Debug|Any CPU
		Release|Any CPU = Release|Any CPU
	EndGlobalSection
	GlobalSection(ProjectConfigurationPlatforms) = postSolution
		{02F7906D-AF81-4E38-9A80-6E349CCB1F20}.Debug|Any CPU.ActiveCfg = Debug|Any CPU
		{02F7906D-AF81-4E38-9A80-6E349CCB1F20}.Debug|Any CPU.Build.0 = Debug|Any CPU
		{02F7906D-AF81-4E38-9A80-6E349CCB1F20}.Release|Any CPU.ActiveCfg = Release|Any CPU
		{02F7906D-AF81-4E38-9A80-6E349CCB1F20}.Release|Any CPU.Build.0 = Release|Any CPU
	EndGlobalSection
	GlobalSection(SolutionProperties) = preSolution
		HideSolutionNode = FALSE
	EndGlobalSection
	GlobalSection(ExtensibilityGlobals) = postSolution
		SolutionGuid = {75147FA1-F4B4-418D-931D-E528957FEB65}
	EndGlobalSection
EndGlobal
